{
  "originHash" : "78f763eb5e8b199ffb50b46f54d5c2eb9bfc5ca74ddb1b0befbb3e6c22fef742",
  "pins" : [
    {
      "identity" : "alamofire",
      "kind" : "remoteSourceControl",
      "location" : "https://github.com/Alamofire/Alamofire.git",
      "state" : {
        "revision" : "f455c2975872ccd2d9c81594c658af65716e9b9a",
        "version" : "5.9.1"
      }
    },
    {
      "identity" : "swiftuiflow",
      "kind" : "remoteSourceControl",
      "location" : "https://github.com/ciaranrobrien/SwiftUIFlow",
      "state" : {
        "branch" : "main",
        "revision" : "b300d3c0110116f3520066dfb8dcf3006cf593c3"
      }
    }
  ],
  "version" : 3
}
