// !$*UTF8*$!
{
	archiveVersion = 1;
	classes = {
	};
	objectVersion = 77;
	objects = {

/* Begin PBXBuildFile section */
		21E424A7EE788A519F13A1B9 /* Pods_Kroya_UI_Project.framework in Frameworks */ = {isa = PBXBuildFile; fileRef = D81D12750DC776E3E73A4288 /* Pods_Kroya_UI_Project.framework */; };
		2686122F2CCA222300DE1F6F /* GoogleMaps in Frameworks */ = {isa = PBXBuildFile; productRef = 2686122E2CCA222300DE1F6F /* GoogleMaps */; };
		268612322CCA226400DE1F6F /* SwiftKeychainWrapper in Frameworks */ = {isa = PBXBuildFile; productRef = 268612312CCA226400DE1F6F /* SwiftKeychainWrapper */; };
		840C1FAB2CB3BD0C0066027A /* Alamofire in Frameworks */ = {isa = PBXBuildFile; productRef = 840C1FAA2CB3BD0C0066027A /* Alamofire */; };
		8445843A2CB6793F00CA3C01 /* SwiftUIFlow in Frameworks */ = {isa = PBXBuildFile; productRef = 844584392CB6793F00CA3C01 /* SwiftUIFlow */; };
		8494AC232CCB533E00FB8206 /* Kingfisher in Frameworks */ = {isa = PBXBuildFile; productRef = 8494AC222CCB533E00FB8206 /* Kingfisher */; };
		A1F0F280C2FB2A0237375308 /* Pods_Kroya_UI_ProjectTests.framework in Frameworks */ = {isa = PBXBuildFile; fileRef = CC7867E32E96FB8AD4F4B4B5 /* Pods_Kroya_UI_ProjectTests.framework */; };
		C0E4631E8E19C01080480355 /* Pods_Kroya_UI_Project_Kroya_UI_ProjectUITests.framework in Frameworks */ = {isa = PBXBuildFile; fileRef = CA8E4287C90F7037CC7E2F37 /* Pods_Kroya_UI_Project_Kroya_UI_ProjectUITests.framework */; };
/* End PBXBuildFile section */

/* Begin PBXContainerItemProxy section */
		8406DAC02CA5510F0003EA40 /* PBXContainerItemProxy */ = {
			isa = PBXContainerItemProxy;
			containerPortal = 8406DAA72CA5510C0003EA40 /* Project object */;
			proxyType = 1;
			remoteGlobalIDString = 8406DAAE2CA5510C0003EA40;
			remoteInfo = Kroya_UI_Project;
		};
		8406DACA2CA5510F0003EA40 /* PBXContainerItemProxy */ = {
			isa = PBXContainerItemProxy;
			containerPortal = 8406DAA72CA5510C0003EA40 /* Project object */;
			proxyType = 1;
			remoteGlobalIDString = 8406DAAE2CA5510C0003EA40;
			remoteInfo = Kroya_UI_Project;
		};
/* End PBXContainerItemProxy section */

/* Begin PBXFileReference section */
		13AF4374E16431753B38C6AE /* Pods-Kroya_UI_ProjectTests.debug.xcconfig */ = {isa = PBXFileReference; includeInIndex = 1; lastKnownFileType = text.xcconfig; name = "Pods-Kroya_UI_ProjectTests.debug.xcconfig"; path = "Target Support Files/Pods-Kroya_UI_ProjectTests/Pods-Kroya_UI_ProjectTests.debug.xcconfig"; sourceTree = "<group>"; };
		60E2EA42E0A2A676400F6787 /* Pods-Kroya_UI_Project-Kroya_UI_ProjectUITests.release.xcconfig */ = {isa = PBXFileReference; includeInIndex = 1; lastKnownFileType = text.xcconfig; name = "Pods-Kroya_UI_Project-Kroya_UI_ProjectUITests.release.xcconfig"; path = "Target Support Files/Pods-Kroya_UI_Project-Kroya_UI_ProjectUITests/Pods-Kroya_UI_Project-Kroya_UI_ProjectUITests.release.xcconfig"; sourceTree = "<group>"; };
		77AC2739FEBC9D34A702D269 /* Pods-Kroya_UI_Project.release.xcconfig */ = {isa = PBXFileReference; includeInIndex = 1; lastKnownFileType = text.xcconfig; name = "Pods-Kroya_UI_Project.release.xcconfig"; path = "Target Support Files/Pods-Kroya_UI_Project/Pods-Kroya_UI_Project.release.xcconfig"; sourceTree = "<group>"; };
		8406DAAF2CA5510C0003EA40 /* Kroya_UI_Project.app */ = {isa = PBXFileReference; explicitFileType = wrapper.application; includeInIndex = 0; path = Kroya_UI_Project.app; sourceTree = BUILT_PRODUCTS_DIR; };
		8406DABF2CA5510F0003EA40 /* Kroya_UI_ProjectTests.xctest */ = {isa = PBXFileReference; explicitFileType = wrapper.cfbundle; includeInIndex = 0; path = Kroya_UI_ProjectTests.xctest; sourceTree = BUILT_PRODUCTS_DIR; };
		8406DAC92CA5510F0003EA40 /* Kroya_UI_ProjectUITests.xctest */ = {isa = PBXFileReference; explicitFileType = wrapper.cfbundle; includeInIndex = 0; path = Kroya_UI_ProjectUITests.xctest; sourceTree = BUILT_PRODUCTS_DIR; };
		9A1F96A864688FE59AEACF37 /* Pods-Kroya_UI_ProjectTests.release.xcconfig */ = {isa = PBXFileReference; includeInIndex = 1; lastKnownFileType = text.xcconfig; name = "Pods-Kroya_UI_ProjectTests.release.xcconfig"; path = "Target Support Files/Pods-Kroya_UI_ProjectTests/Pods-Kroya_UI_ProjectTests.release.xcconfig"; sourceTree = "<group>"; };
		C8998F9E06593DCC842A4717 /* Pods-Kroya_UI_Project.debug.xcconfig */ = {isa = PBXFileReference; includeInIndex = 1; lastKnownFileType = text.xcconfig; name = "Pods-Kroya_UI_Project.debug.xcconfig"; path = "Target Support Files/Pods-Kroya_UI_Project/Pods-Kroya_UI_Project.debug.xcconfig"; sourceTree = "<group>"; };
		CA8E4287C90F7037CC7E2F37 /* Pods_Kroya_UI_Project_Kroya_UI_ProjectUITests.framework */ = {isa = PBXFileReference; explicitFileType = wrapper.framework; includeInIndex = 0; path = Pods_Kroya_UI_Project_Kroya_UI_ProjectUITests.framework; sourceTree = BUILT_PRODUCTS_DIR; };
		CC7867E32E96FB8AD4F4B4B5 /* Pods_Kroya_UI_ProjectTests.framework */ = {isa = PBXFileReference; explicitFileType = wrapper.framework; includeInIndex = 0; path = Pods_Kroya_UI_ProjectTests.framework; sourceTree = BUILT_PRODUCTS_DIR; };
		D81D12750DC776E3E73A4288 /* Pods_Kroya_UI_Project.framework */ = {isa = PBXFileReference; explicitFileType = wrapper.framework; includeInIndex = 0; path = Pods_Kroya_UI_Project.framework; sourceTree = BUILT_PRODUCTS_DIR; };
		DA75323C5310338CF65880D3 /* Pods-Kroya_UI_Project-Kroya_UI_ProjectUITests.debug.xcconfig */ = {isa = PBXFileReference; includeInIndex = 1; lastKnownFileType = text.xcconfig; name = "Pods-Kroya_UI_Project-Kroya_UI_ProjectUITests.debug.xcconfig"; path = "Target Support Files/Pods-Kroya_UI_Project-Kroya_UI_ProjectUITests/Pods-Kroya_UI_Project-Kroya_UI_ProjectUITests.debug.xcconfig"; sourceTree = "<group>"; };
/* End PBXFileReference section */

/* Begin PBXFileSystemSynchronizedRootGroup section */
		8406DAB12CA5510C0003EA40 /* Kroya_UI_Project */ = {
			isa = PBXFileSystemSynchronizedRootGroup;
			path = Kroya_UI_Project;
			sourceTree = "<group>";
		};
		8406DAC22CA5510F0003EA40 /* Kroya_UI_ProjectTests */ = {
			isa = PBXFileSystemSynchronizedRootGroup;
			path = Kroya_UI_ProjectTests;
			sourceTree = "<group>";
		};
		8406DACC2CA5510F0003EA40 /* Kroya_UI_ProjectUITests */ = {
			isa = PBXFileSystemSynchronizedRootGroup;
			path = Kroya_UI_ProjectUITests;
			sourceTree = "<group>";
		};
/* End PBXFileSystemSynchronizedRootGroup section */

/* Begin PBXFrameworksBuildPhase section */
		8406DAAC2CA5510C0003EA40 /* Frameworks */ = {
			isa = PBXFrameworksBuildPhase;
			buildActionMask = 2147483647;
			files = (
				8445843A2CB6793F00CA3C01 /* SwiftUIFlow in Frameworks */,
				840C1FAB2CB3BD0C0066027A /* Alamofire in Frameworks */,
				268612322CCA226400DE1F6F /* SwiftKeychainWrapper in Frameworks */,
				2686122F2CCA222300DE1F6F /* GoogleMaps in Frameworks */,
				8494AC232CCB533E00FB8206 /* Kingfisher in Frameworks */,
				21E424A7EE788A519F13A1B9 /* Pods_Kroya_UI_Project.framework in Frameworks */,
			);
			runOnlyForDeploymentPostprocessing = 0;
		};
		8406DABC2CA5510F0003EA40 /* Frameworks */ = {
			isa = PBXFrameworksBuildPhase;
			buildActionMask = 2147483647;
			files = (
				A1F0F280C2FB2A0237375308 /* Pods_Kroya_UI_ProjectTests.framework in Frameworks */,
			);
			runOnlyForDeploymentPostprocessing = 0;
		};
		8406DAC62CA5510F0003EA40 /* Frameworks */ = {
			isa = PBXFrameworksBuildPhase;
			buildActionMask = 2147483647;
			files = (
				C0E4631E8E19C01080480355 /* Pods_Kroya_UI_Project_Kroya_UI_ProjectUITests.framework in Frameworks */,
			);
			runOnlyForDeploymentPostprocessing = 0;
		};
/* End PBXFrameworksBuildPhase section */

/* Begin PBXGroup section */
		8406DAA62CA5510C0003EA40 = {
			isa = PBXGroup;
			children = (
				8406DAB12CA5510C0003EA40 /* Kroya_UI_Project */,
				8406DAC22CA5510F0003EA40 /* Kroya_UI_ProjectTests */,
				8406DACC2CA5510F0003EA40 /* Kroya_UI_ProjectUITests */,
				8406DAB02CA5510C0003EA40 /* Products */,
				9169E034255BCD3A142A9907 /* Pods */,
				B1F5AE776A7D02D9C1590140 /* Frameworks */,
			);
			sourceTree = "<group>";
		};
		8406DAB02CA5510C0003EA40 /* Products */ = {
			isa = PBXGroup;
			children = (
				8406DAAF2CA5510C0003EA40 /* Kroya_UI_Project.app */,
				8406DABF2CA5510F0003EA40 /* Kroya_UI_ProjectTests.xctest */,
				8406DAC92CA5510F0003EA40 /* Kroya_UI_ProjectUITests.xctest */,
			);
			name = Products;
			sourceTree = "<group>";
		};
		9169E034255BCD3A142A9907 /* Pods */ = {
			isa = PBXGroup;
			children = (
				C8998F9E06593DCC842A4717 /* Pods-Kroya_UI_Project.debug.xcconfig */,
				77AC2739FEBC9D34A702D269 /* Pods-Kroya_UI_Project.release.xcconfig */,
				DA75323C5310338CF65880D3 /* Pods-Kroya_UI_Project-Kroya_UI_ProjectUITests.debug.xcconfig */,
				60E2EA42E0A2A676400F6787 /* Pods-Kroya_UI_Project-Kroya_UI_ProjectUITests.release.xcconfig */,
				13AF4374E16431753B38C6AE /* Pods-Kroya_UI_ProjectTests.debug.xcconfig */,
				9A1F96A864688FE59AEACF37 /* Pods-Kroya_UI_ProjectTests.release.xcconfig */,
			);
			path = Pods;
			sourceTree = "<group>";
		};
		B1F5AE776A7D02D9C1590140 /* Frameworks */ = {
			isa = PBXGroup;
			children = (
				D81D12750DC776E3E73A4288 /* Pods_Kroya_UI_Project.framework */,
				CA8E4287C90F7037CC7E2F37 /* Pods_Kroya_UI_Project_Kroya_UI_ProjectUITests.framework */,
				CC7867E32E96FB8AD4F4B4B5 /* Pods_Kroya_UI_ProjectTests.framework */,
			);
			name = Frameworks;
			sourceTree = "<group>";
		};
/* End PBXGroup section */

/* Begin PBXNativeTarget section */
		8406DAAE2CA5510C0003EA40 /* Kroya_UI_Project */ = {
			isa = PBXNativeTarget;
			buildConfigurationList = 8406DAD32CA5510F0003EA40 /* Build configuration list for PBXNativeTarget "Kroya_UI_Project" */;
			buildPhases = (
				DF23426D1DD1FDD5DA24406D /* [CP] Check Pods Manifest.lock */,
				8406DAAB2CA5510C0003EA40 /* Sources */,
				8406DAAC2CA5510C0003EA40 /* Frameworks */,
				8406DAAD2CA5510C0003EA40 /* Resources */,
			);
			buildRules = (
			);
			dependencies = (
			);
			fileSystemSynchronizedGroups = (
				8406DAB12CA5510C0003EA40 /* Kroya_UI_Project */,
			);
			name = Kroya_UI_Project;
			packageProductDependencies = (
				840C1FAA2CB3BD0C0066027A /* Alamofire */,
				844584392CB6793F00CA3C01 /* SwiftUIFlow */,
				2686122E2CCA222300DE1F6F /* GoogleMaps */,
				268612312CCA226400DE1F6F /* SwiftKeychainWrapper */,
				8494AC222CCB533E00FB8206 /* Kingfisher */,
			);
			productName = Kroya_UI_Project;
			productReference = 8406DAAF2CA5510C0003EA40 /* Kroya_UI_Project.app */;
			productType = "com.apple.product-type.application";
		};
		8406DABE2CA5510F0003EA40 /* Kroya_UI_ProjectTests */ = {
			isa = PBXNativeTarget;
			buildConfigurationList = 8406DAD62CA5510F0003EA40 /* Build configuration list for PBXNativeTarget "Kroya_UI_ProjectTests" */;
			buildPhases = (
				7E81C6740FCAE4F887BD3800 /* [CP] Check Pods Manifest.lock */,
				8406DABB2CA5510F0003EA40 /* Sources */,
				8406DABC2CA5510F0003EA40 /* Frameworks */,
				8406DABD2CA5510F0003EA40 /* Resources */,
			);
			buildRules = (
			);
			dependencies = (
				8406DAC12CA5510F0003EA40 /* PBXTargetDependency */,
			);
			fileSystemSynchronizedGroups = (
				8406DAC22CA5510F0003EA40 /* Kroya_UI_ProjectTests */,
			);
			name = Kroya_UI_ProjectTests;
			productName = Kroya_UI_ProjectTests;
			productReference = 8406DABF2CA5510F0003EA40 /* Kroya_UI_ProjectTests.xctest */;
			productType = "com.apple.product-type.bundle.unit-test";
		};
		8406DAC82CA5510F0003EA40 /* Kroya_UI_ProjectUITests */ = {
			isa = PBXNativeTarget;
			buildConfigurationList = 8406DAD92CA5510F0003EA40 /* Build configuration list for PBXNativeTarget "Kroya_UI_ProjectUITests" */;
			buildPhases = (
				880028045E23D31A2205CDBB /* [CP] Check Pods Manifest.lock */,
				8406DAC52CA5510F0003EA40 /* Sources */,
				8406DAC62CA5510F0003EA40 /* Frameworks */,
				8406DAC72CA5510F0003EA40 /* Resources */,
			);
			buildRules = (
			);
			dependencies = (
				8406DACB2CA5510F0003EA40 /* PBXTargetDependency */,
			);
			fileSystemSynchronizedGroups = (
				8406DACC2CA5510F0003EA40 /* Kroya_UI_ProjectUITests */,
			);
			name = Kroya_UI_ProjectUITests;
			productName = Kroya_UI_ProjectUITests;
			productReference = 8406DAC92CA5510F0003EA40 /* Kroya_UI_ProjectUITests.xctest */;
			productType = "com.apple.product-type.bundle.ui-testing";
		};
/* End PBXNativeTarget section */

/* Begin PBXProject section */
		8406DAA72CA5510C0003EA40 /* Project object */ = {
			isa = PBXProject;
			attributes = {
				BuildIndependentTargetsInParallel = 1;
				LastSwiftUpdateCheck = 1600;
				LastUpgradeCheck = 1600;
				TargetAttributes = {
					8406DAAE2CA5510C0003EA40 = {
						CreatedOnToolsVersion = 16.0;
					};
					8406DABE2CA5510F0003EA40 = {
						CreatedOnToolsVersion = 16.0;
						TestTargetID = 8406DAAE2CA5510C0003EA40;
					};
					8406DAC82CA5510F0003EA40 = {
						CreatedOnToolsVersion = 16.0;
						TestTargetID = 8406DAAE2CA5510C0003EA40;
					};
				};
			};
			buildConfigurationList = 8406DAAA2CA5510C0003EA40 /* Build configuration list for PBXProject "Kroya_UI_Project" */;
			developmentRegion = en;
			hasScannedForEncodings = 0;
			knownRegions = (
				en,
				Base,
				"km-KH",
				km,
				ko,
			);
			mainGroup = 8406DAA62CA5510C0003EA40;
			minimizedProjectReferenceProxies = 1;
			packageReferences = (
				840C1FA92CB3BD0C0066027A /* XCRemoteSwiftPackageReference "Alamofire" */,
				844584382CB6793F00CA3C01 /* XCRemoteSwiftPackageReference "SwiftUIFlow" */,
				2686122D2CCA222300DE1F6F /* XCRemoteSwiftPackageReference "ios-maps-sdk" */,
				268612302CCA226400DE1F6F /* XCRemoteSwiftPackageReference "SwiftKeychainWrapper" */,
				8494AC212CCB533E00FB8206 /* XCRemoteSwiftPackageReference "Kingfisher" */,
			);
			preferredProjectObjectVersion = 77;
			productRefGroup = 8406DAB02CA5510C0003EA40 /* Products */;
			projectDirPath = "";
			projectRoot = "";
			targets = (
				8406DAAE2CA5510C0003EA40 /* Kroya_UI_Project */,
				8406DABE2CA5510F0003EA40 /* Kroya_UI_ProjectTests */,
				8406DAC82CA5510F0003EA40 /* Kroya_UI_ProjectUITests */,
			);
		};
/* End PBXProject section */

/* Begin PBXResourcesBuildPhase section */
		8406DAAD2CA5510C0003EA40 /* Resources */ = {
			isa = PBXResourcesBuildPhase;
			buildActionMask = 2147483647;
			files = (
			);
			runOnlyForDeploymentPostprocessing = 0;
		};
		8406DABD2CA5510F0003EA40 /* Resources */ = {
			isa = PBXResourcesBuildPhase;
			buildActionMask = 2147483647;
			files = (
			);
			runOnlyForDeploymentPostprocessing = 0;
		};
		8406DAC72CA5510F0003EA40 /* Resources */ = {
			isa = PBXResourcesBuildPhase;
			buildActionMask = 2147483647;
			files = (
			);
			runOnlyForDeploymentPostprocessing = 0;
		};
/* End PBXResourcesBuildPhase section */

/* Begin PBXShellScriptBuildPhase section */
		7E81C6740FCAE4F887BD3800 /* [CP] Check Pods Manifest.lock */ = {
			isa = PBXShellScriptBuildPhase;
			buildActionMask = 2147483647;
			files = (
			);
			inputFileListPaths = (
			);
			inputPaths = (
				"${PODS_PODFILE_DIR_PATH}/Podfile.lock",
				"${PODS_ROOT}/Manifest.lock",
			);
			name = "[CP] Check Pods Manifest.lock";
			outputFileListPaths = (
			);
			outputPaths = (
				"$(DERIVED_FILE_DIR)/Pods-Kroya_UI_ProjectTests-checkManifestLockResult.txt",
			);
			runOnlyForDeploymentPostprocessing = 0;
			shellPath = /bin/sh;
			shellScript = "diff \"${PODS_PODFILE_DIR_PATH}/Podfile.lock\" \"${PODS_ROOT}/Manifest.lock\" > /dev/null\nif [ $? != 0 ] ; then\n    # print error to STDERR\n    echo \"error: The sandbox is not in sync with the Podfile.lock. Run 'pod install' or update your CocoaPods installation.\" >&2\n    exit 1\nfi\n# This output is used by Xcode 'outputs' to avoid re-running this script phase.\necho \"SUCCESS\" > \"${SCRIPT_OUTPUT_FILE_0}\"\n";
			showEnvVarsInLog = 0;
		};
		880028045E23D31A2205CDBB /* [CP] Check Pods Manifest.lock */ = {
			isa = PBXShellScriptBuildPhase;
			buildActionMask = 2147483647;
			files = (
			);
			inputFileListPaths = (
			);
			inputPaths = (
				"${PODS_PODFILE_DIR_PATH}/Podfile.lock",
				"${PODS_ROOT}/Manifest.lock",
			);
			name = "[CP] Check Pods Manifest.lock";
			outputFileListPaths = (
			);
			outputPaths = (
				"$(DERIVED_FILE_DIR)/Pods-Kroya_UI_Project-Kroya_UI_ProjectUITests-checkManifestLockResult.txt",
			);
			runOnlyForDeploymentPostprocessing = 0;
			shellPath = /bin/sh;
			shellScript = "diff \"${PODS_PODFILE_DIR_PATH}/Podfile.lock\" \"${PODS_ROOT}/Manifest.lock\" > /dev/null\nif [ $? != 0 ] ; then\n    # print error to STDERR\n    echo \"error: The sandbox is not in sync with the Podfile.lock. Run 'pod install' or update your CocoaPods installation.\" >&2\n    exit 1\nfi\n# This output is used by Xcode 'outputs' to avoid re-running this script phase.\necho \"SUCCESS\" > \"${SCRIPT_OUTPUT_FILE_0}\"\n";
			showEnvVarsInLog = 0;
		};
		DF23426D1DD1FDD5DA24406D /* [CP] Check Pods Manifest.lock */ = {
			isa = PBXShellScriptBuildPhase;
			buildActionMask = 2147483647;
			files = (
			);
			inputFileListPaths = (
			);
			inputPaths = (
				"${PODS_PODFILE_DIR_PATH}/Podfile.lock",
				"${PODS_ROOT}/Manifest.lock",
			);
			name = "[CP] Check Pods Manifest.lock";
			outputFileListPaths = (
			);
			outputPaths = (
				"$(DERIVED_FILE_DIR)/Pods-Kroya_UI_Project-checkManifestLockResult.txt",
			);
			runOnlyForDeploymentPostprocessing = 0;
			shellPath = /bin/sh;
			shellScript = "diff \"${PODS_PODFILE_DIR_PATH}/Podfile.lock\" \"${PODS_ROOT}/Manifest.lock\" > /dev/null\nif [ $? != 0 ] ; then\n    # print error to STDERR\n    echo \"error: The sandbox is not in sync with the Podfile.lock. Run 'pod install' or update your CocoaPods installation.\" >&2\n    exit 1\nfi\n# This output is used by Xcode 'outputs' to avoid re-running this script phase.\necho \"SUCCESS\" > \"${SCRIPT_OUTPUT_FILE_0}\"\n";
			showEnvVarsInLog = 0;
		};
/* End PBXShellScriptBuildPhase section */

/* Begin PBXSourcesBuildPhase section */
		8406DAAB2CA5510C0003EA40 /* Sources */ = {
			isa = PBXSourcesBuildPhase;
			buildActionMask = 2147483647;
			files = (
			);
			runOnlyForDeploymentPostprocessing = 0;
		};
		8406DABB2CA5510F0003EA40 /* Sources */ = {
			isa = PBXSourcesBuildPhase;
			buildActionMask = 2147483647;
			files = (
			);
			runOnlyForDeploymentPostprocessing = 0;
		};
		8406DAC52CA5510F0003EA40 /* Sources */ = {
			isa = PBXSourcesBuildPhase;
			buildActionMask = 2147483647;
			files = (
			);
			runOnlyForDeploymentPostprocessing = 0;
		};
/* End PBXSourcesBuildPhase section */

/* Begin PBXTargetDependency section */
		8406DAC12CA5510F0003EA40 /* PBXTargetDependency */ = {
			isa = PBXTargetDependency;
			target = 8406DAAE2CA5510C0003EA40 /* Kroya_UI_Project */;
			targetProxy = 8406DAC02CA5510F0003EA40 /* PBXContainerItemProxy */;
		};
		8406DACB2CA5510F0003EA40 /* PBXTargetDependency */ = {
			isa = PBXTargetDependency;
			target = 8406DAAE2CA5510C0003EA40 /* Kroya_UI_Project */;
			targetProxy = 8406DACA2CA5510F0003EA40 /* PBXContainerItemProxy */;
		};
/* End PBXTargetDependency section */

/* Begin XCBuildConfiguration section */
		8406DAD12CA5510F0003EA40 /* Debug */ = {
			isa = XCBuildConfiguration;
			buildSettings = {
				ALWAYS_SEARCH_USER_PATHS = NO;
				ASSETCATALOG_COMPILER_GENERATE_SWIFT_ASSET_SYMBOL_EXTENSIONS = YES;
				CLANG_ANALYZER_LOCALIZABILITY_NONLOCALIZED = YES;
				CLANG_ANALYZER_NONNULL = YES;
				CLANG_ANALYZER_NUMBER_OBJECT_CONVERSION = YES_AGGRESSIVE;
				CLANG_CXX_LANGUAGE_STANDARD = "gnu++20";
				CLANG_ENABLE_MODULES = YES;
				CLANG_ENABLE_OBJC_ARC = YES;
				CLANG_ENABLE_OBJC_WEAK = YES;
				CLANG_WARN_BLOCK_CAPTURE_AUTORELEASING = YES;
				CLANG_WARN_BOOL_CONVERSION = YES;
				CLANG_WARN_COMMA = YES;
				CLANG_WARN_CONSTANT_CONVERSION = YES;
				CLANG_WARN_DEPRECATED_OBJC_IMPLEMENTATIONS = YES;
				CLANG_WARN_DIRECT_OBJC_ISA_USAGE = YES_ERROR;
				CLANG_WARN_DOCUMENTATION_COMMENTS = YES;
				CLANG_WARN_EMPTY_BODY = YES;
				CLANG_WARN_ENUM_CONVERSION = YES;
				CLANG_WARN_INFINITE_RECURSION = YES;
				CLANG_WARN_INT_CONVERSION = YES;
				CLANG_WARN_NON_LITERAL_NULL_CONVERSION = YES;
				CLANG_WARN_OBJC_IMPLICIT_RETAIN_SELF = YES;
				CLANG_WARN_OBJC_LITERAL_CONVERSION = YES;
				CLANG_WARN_OBJC_ROOT_CLASS = YES_ERROR;
				CLANG_WARN_QUOTED_INCLUDE_IN_FRAMEWORK_HEADER = YES;
				CLANG_WARN_RANGE_LOOP_ANALYSIS = YES;
				CLANG_WARN_STRICT_PROTOTYPES = YES;
				CLANG_WARN_SUSPICIOUS_MOVE = YES;
				CLANG_WARN_UNGUARDED_AVAILABILITY = YES_AGGRESSIVE;
				CLANG_WARN_UNREACHABLE_CODE = YES;
				CLANG_WARN__DUPLICATE_METHOD_MATCH = YES;
				COPY_PHASE_STRIP = NO;
				DEBUG_INFORMATION_FORMAT = dwarf;
				ENABLE_STRICT_OBJC_MSGSEND = YES;
				ENABLE_TESTABILITY = YES;
				ENABLE_USER_SCRIPT_SANDBOXING = NO;
				GCC_C_LANGUAGE_STANDARD = gnu17;
				GCC_DYNAMIC_NO_PIC = NO;
				GCC_NO_COMMON_BLOCKS = YES;
				GCC_OPTIMIZATION_LEVEL = 0;
				GCC_PREPROCESSOR_DEFINITIONS = (
					"DEBUG=1",
					"$(inherited)",
				);
				GCC_WARN_64_TO_32_BIT_CONVERSION = YES;
				GCC_WARN_ABOUT_RETURN_TYPE = YES_ERROR;
				GCC_WARN_UNDECLARED_SELECTOR = YES;
				GCC_WARN_UNINITIALIZED_AUTOS = YES_AGGRESSIVE;
				GCC_WARN_UNUSED_FUNCTION = YES;
				GCC_WARN_UNUSED_VARIABLE = YES;
				IPHONEOS_DEPLOYMENT_TARGET = 17.0;
				LOCALIZATION_PREFERS_STRING_CATALOGS = YES;
				MTL_ENABLE_DEBUG_INFO = INCLUDE_SOURCE;
				MTL_FAST_MATH = YES;
				ONLY_ACTIVE_ARCH = YES;
				SDKROOT = iphoneos;
				SWIFT_ACTIVE_COMPILATION_CONDITIONS = "DEBUG $(inherited)";
				SWIFT_OPTIMIZATION_LEVEL = "-Onone";
			};
			name = Debug;
		};
		8406DAD22CA5510F0003EA40 /* Release */ = {
			isa = XCBuildConfiguration;
			buildSettings = {
				ALWAYS_SEARCH_USER_PATHS = NO;
				ASSETCATALOG_COMPILER_GENERATE_SWIFT_ASSET_SYMBOL_EXTENSIONS = YES;
				CLANG_ANALYZER_LOCALIZABILITY_NONLOCALIZED = YES;
				CLANG_ANALYZER_NONNULL = YES;
				CLANG_ANALYZER_NUMBER_OBJECT_CONVERSION = YES_AGGRESSIVE;
				CLANG_CXX_LANGUAGE_STANDARD = "gnu++20";
				CLANG_ENABLE_MODULES = YES;
				CLANG_ENABLE_OBJC_ARC = YES;
				CLANG_ENABLE_OBJC_WEAK = YES;
				CLANG_WARN_BLOCK_CAPTURE_AUTORELEASING = YES;
				CLANG_WARN_BOOL_CONVERSION = YES;
				CLANG_WARN_COMMA = YES;
				CLANG_WARN_CONSTANT_CONVERSION = YES;
				CLANG_WARN_DEPRECATED_OBJC_IMPLEMENTATIONS = YES;
				CLANG_WARN_DIRECT_OBJC_ISA_USAGE = YES_ERROR;
				CLANG_WARN_DOCUMENTATION_COMMENTS = YES;
				CLANG_WARN_EMPTY_BODY = YES;
				CLANG_WARN_ENUM_CONVERSION = YES;
				CLANG_WARN_INFINITE_RECURSION = YES;
				CLANG_WARN_INT_CONVERSION = YES;
				CLANG_WARN_NON_LITERAL_NULL_CONVERSION = YES;
				CLANG_WARN_OBJC_IMPLICIT_RETAIN_SELF = YES;
				CLANG_WARN_OBJC_LITERAL_CONVERSION = YES;
				CLANG_WARN_OBJC_ROOT_CLASS = YES_ERROR;
				CLANG_WARN_QUOTED_INCLUDE_IN_FRAMEWORK_HEADER = YES;
				CLANG_WARN_RANGE_LOOP_ANALYSIS = YES;
				CLANG_WARN_STRICT_PROTOTYPES = YES;
				CLANG_WARN_SUSPICIOUS_MOVE = YES;
				CLANG_WARN_UNGUARDED_AVAILABILITY = YES_AGGRESSIVE;
				CLANG_WARN_UNREACHABLE_CODE = YES;
				CLANG_WARN__DUPLICATE_METHOD_MATCH = YES;
				COPY_PHASE_STRIP = NO;
				DEBUG_INFORMATION_FORMAT = "dwarf-with-dsym";
				ENABLE_NS_ASSERTIONS = NO;
				ENABLE_STRICT_OBJC_MSGSEND = YES;
				ENABLE_USER_SCRIPT_SANDBOXING = NO;
				GCC_C_LANGUAGE_STANDARD = gnu17;
				GCC_NO_COMMON_BLOCKS = YES;
				GCC_WARN_64_TO_32_BIT_CONVERSION = YES;
				GCC_WARN_ABOUT_RETURN_TYPE = YES_ERROR;
				GCC_WARN_UNDECLARED_SELECTOR = YES;
				GCC_WARN_UNINITIALIZED_AUTOS = YES_AGGRESSIVE;
				GCC_WARN_UNUSED_FUNCTION = YES;
				GCC_WARN_UNUSED_VARIABLE = YES;
				IPHONEOS_DEPLOYMENT_TARGET = 17.0;
				LOCALIZATION_PREFERS_STRING_CATALOGS = YES;
				MTL_ENABLE_DEBUG_INFO = NO;
				MTL_FAST_MATH = YES;
				SDKROOT = iphoneos;
				SWIFT_COMPILATION_MODE = wholemodule;
				VALIDATE_PRODUCT = YES;
			};
			name = Release;
		};
		8406DAD42CA5510F0003EA40 /* Debug */ = {
			isa = XCBuildConfiguration;
			baseConfigurationReference = C8998F9E06593DCC842A4717 /* Pods-Kroya_UI_Project.debug.xcconfig */;
			buildSettings = {
				ASSETCATALOG_COMPILER_APPICON_NAME = AppIcon;
				ASSETCATALOG_COMPILER_GLOBAL_ACCENT_COLOR_NAME = AccentColor;
				CODE_SIGN_IDENTITY = "Apple Development";
				CODE_SIGN_STYLE = Automatic;
				CURRENT_PROJECT_VERSION = 1;
				DEVELOPMENT_ASSET_PATHS = "\"Kroya_UI_Project/Preview Content\"";
				DEVELOPMENT_TEAM = 62EMNW6G6D;
				ENABLE_PREVIEWS = YES;
				GENERATE_INFOPLIST_FILE = YES;
				INFOPLIST_FILE = "Kroya-UI-Project-Info.plist";
				INFOPLIST_KEY_CFBundleDisplayName = "Kroya Mobile";
				INFOPLIST_KEY_LSApplicationCategoryType = "public.app-category.food-and-drink";
				INFOPLIST_KEY_NSLocationAlwaysAndWhenInUseUsageDescription = "";
				INFOPLIST_KEY_NSLocationAlwaysUsageDescription = "Kroya needs access to your location to show it on the map.";
				INFOPLIST_KEY_NSLocationWhenInUseUsageDescription = "Kroya needs access to your location to show it on the map.";
				INFOPLIST_KEY_NSPhotoLibraryAddUsageDescription = "Needed to save your image";
				INFOPLIST_KEY_UIApplicationSceneManifest_Generation = YES;
				INFOPLIST_KEY_UIApplicationSupportsIndirectInputEvents = YES;
				INFOPLIST_KEY_UILaunchScreen_Generation = YES;
				INFOPLIST_KEY_UISupportedInterfaceOrientations = UIInterfaceOrientationPortrait;
				INFOPLIST_KEY_UISupportedInterfaceOrientations_iPad = "UIInterfaceOrientationPortrait UIInterfaceOrientationPortraitUpsideDown";
				IPHONEOS_DEPLOYMENT_TARGET = 17.0;
				LD_RUNPATH_SEARCH_PATHS = (
					"$(inherited)",
					"@executable_path/Frameworks",
				);
				MARKETING_VERSION = 1.0;
				OTHER_LIBTOOLFLAGS = "\"-WLinkingC true\" \"-XCBuildForPre true\" \"-XCExpApple true\"";
				PRODUCT_BUNDLE_IDENTIFIER = "com.Kroya-UI-Project";
				PRODUCT_NAME = "$(TARGET_NAME)";
				PROVISIONING_PROFILE_SPECIFIER = "";
				SWIFT_EMIT_LOC_STRINGS = YES;
				SWIFT_VERSION = 5.0;
				TARGETED_DEVICE_FAMILY = "1,2";
			};
			name = Debug;
		};
		8406DAD52CA5510F0003EA40 /* Release */ = {
			isa = XCBuildConfiguration;
			baseConfigurationReference = 77AC2739FEBC9D34A702D269 /* Pods-Kroya_UI_Project.release.xcconfig */;
			buildSettings = {
				ASSETCATALOG_COMPILER_APPICON_NAME = AppIcon;
				ASSETCATALOG_COMPILER_GLOBAL_ACCENT_COLOR_NAME = AccentColor;
				CODE_SIGN_IDENTITY = "Apple Development";
				CODE_SIGN_STYLE = Automatic;
				CURRENT_PROJECT_VERSION = 1;
				DEVELOPMENT_ASSET_PATHS = "\"Kroya_UI_Project/Preview Content\"";
				DEVELOPMENT_TEAM = 62EMNW6G6D;
				ENABLE_PREVIEWS = YES;
				GENERATE_INFOPLIST_FILE = YES;
				INFOPLIST_FILE = "Kroya-UI-Project-Info.plist";
				INFOPLIST_KEY_CFBundleDisplayName = "Kroya Mobile";
				INFOPLIST_KEY_LSApplicationCategoryType = "public.app-category.food-and-drink";
				INFOPLIST_KEY_NSLocationAlwaysAndWhenInUseUsageDescription = "";
				INFOPLIST_KEY_NSLocationAlwaysUsageDescription = "Kroya needs access to your location to show it on the map.";
				INFOPLIST_KEY_NSLocationWhenInUseUsageDescription = "Kroya needs access to your location to show it on the map.";
				INFOPLIST_KEY_NSPhotoLibraryAddUsageDescription = "Needed to save your image";
				INFOPLIST_KEY_UIApplicationSceneManifest_Generation = YES;
				INFOPLIST_KEY_UIApplicationSupportsIndirectInputEvents = YES;
				INFOPLIST_KEY_UILaunchScreen_Generation = YES;
				INFOPLIST_KEY_UISupportedInterfaceOrientations = UIInterfaceOrientationPortrait;
				INFOPLIST_KEY_UISupportedInterfaceOrientations_iPad = "UIInterfaceOrientationPortrait UIInterfaceOrientationPortraitUpsideDown";
				IPHONEOS_DEPLOYMENT_TARGET = 17.0;
				LD_RUNPATH_SEARCH_PATHS = (
					"$(inherited)",
					"@executable_path/Frameworks",
				);
				MARKETING_VERSION = 1.0;
				OTHER_LIBTOOLFLAGS = "\"-WLinkingC true\" \"-XCBuildForPre true\" \"-XCExpApple true\"";
				PRODUCT_BUNDLE_IDENTIFIER = "com.Kroya-UI-Project";
				PRODUCT_NAME = "$(TARGET_NAME)";
				PROVISIONING_PROFILE_SPECIFIER = "";
				SWIFT_EMIT_LOC_STRINGS = YES;
				SWIFT_VERSION = 5.0;
				TARGETED_DEVICE_FAMILY = "1,2";
			};
			name = Release;
		};
		8406DAD72CA5510F0003EA40 /* Debug */ = {
			isa = XCBuildConfiguration;
			baseConfigurationReference = 13AF4374E16431753B38C6AE /* Pods-Kroya_UI_ProjectTests.debug.xcconfig */;
			buildSettings = {
				BUNDLE_LOADER = "$(TEST_HOST)";
				CODE_SIGN_STYLE = Automatic;
				CURRENT_PROJECT_VERSION = 1;
				GENERATE_INFOPLIST_FILE = YES;
				IPHONEOS_DEPLOYMENT_TARGET = 18.0;
				MARKETING_VERSION = 1.0;
				PRODUCT_BUNDLE_IDENTIFIER = "com.Kroya-UI-ProjectTests";
				PRODUCT_NAME = "$(TARGET_NAME)";
				SWIFT_EMIT_LOC_STRINGS = NO;
				SWIFT_VERSION = 5.0;
				TARGETED_DEVICE_FAMILY = "1,2";
				TEST_HOST = "$(BUILT_PRODUCTS_DIR)/Kroya_UI_Project.app/$(BUNDLE_EXECUTABLE_FOLDER_PATH)/Kroya_UI_Project";
			};
			name = Debug;
		};
		8406DAD82CA5510F0003EA40 /* Release */ = {
			isa = XCBuildConfiguration;
			baseConfigurationReference = 9A1F96A864688FE59AEACF37 /* Pods-Kroya_UI_ProjectTests.release.xcconfig */;
			buildSettings = {
				BUNDLE_LOADER = "$(TEST_HOST)";
				CODE_SIGN_STYLE = Automatic;
				CURRENT_PROJECT_VERSION = 1;
				GENERATE_INFOPLIST_FILE = YES;
				IPHONEOS_DEPLOYMENT_TARGET = 18.0;
				MARKETING_VERSION = 1.0;
				PRODUCT_BUNDLE_IDENTIFIER = "com.Kroya-UI-ProjectTests";
				PRODUCT_NAME = "$(TARGET_NAME)";
				SWIFT_EMIT_LOC_STRINGS = NO;
				SWIFT_VERSION = 5.0;
				TARGETED_DEVICE_FAMILY = "1,2";
				TEST_HOST = "$(BUILT_PRODUCTS_DIR)/Kroya_UI_Project.app/$(BUNDLE_EXECUTABLE_FOLDER_PATH)/Kroya_UI_Project";
			};
			name = Release;
		};
		8406DADA2CA5510F0003EA40 /* Debug */ = {
			isa = XCBuildConfiguration;
			baseConfigurationReference = DA75323C5310338CF65880D3 /* Pods-Kroya_UI_Project-Kroya_UI_ProjectUITests.debug.xcconfig */;
			buildSettings = {
				CODE_SIGN_STYLE = Automatic;
				CURRENT_PROJECT_VERSION = 1;
				GENERATE_INFOPLIST_FILE = YES;
				MARKETING_VERSION = 1.0;
				PRODUCT_BUNDLE_IDENTIFIER = "com.Kroya-UI-ProjectUITests";
				PRODUCT_NAME = "$(TARGET_NAME)";
				SWIFT_EMIT_LOC_STRINGS = NO;
				SWIFT_VERSION = 5.0;
				TARGETED_DEVICE_FAMILY = "1,2";
				TEST_TARGET_NAME = Kroya_UI_Project;
			};
			name = Debug;
		};
		8406DADB2CA5510F0003EA40 /* Release */ = {
			isa = XCBuildConfiguration;
			baseConfigurationReference = 60E2EA42E0A2A676400F6787 /* Pods-Kroya_UI_Project-Kroya_UI_ProjectUITests.release.xcconfig */;
			buildSettings = {
				CODE_SIGN_STYLE = Automatic;
				CURRENT_PROJECT_VERSION = 1;
				GENERATE_INFOPLIST_FILE = YES;
				MARKETING_VERSION = 1.0;
				PRODUCT_BUNDLE_IDENTIFIER = "com.Kroya-UI-ProjectUITests";
				PRODUCT_NAME = "$(TARGET_NAME)";
				SWIFT_EMIT_LOC_STRINGS = NO;
				SWIFT_VERSION = 5.0;
				TARGETED_DEVICE_FAMILY = "1,2";
				TEST_TARGET_NAME = Kroya_UI_Project;
			};
			name = Release;
		};
/* End XCBuildConfiguration section */

/* Begin XCConfigurationList section */
		8406DAAA2CA5510C0003EA40 /* Build configuration list for PBXProject "Kroya_UI_Project" */ = {
			isa = XCConfigurationList;
			buildConfigurations = (
				8406DAD12CA5510F0003EA40 /* Debug */,
				8406DAD22CA5510F0003EA40 /* Release */,
			);
			defaultConfigurationIsVisible = 0;
			defaultConfigurationName = Release;
		};
		8406DAD32CA5510F0003EA40 /* Build configuration list for PBXNativeTarget "Kroya_UI_Project" */ = {
			isa = XCConfigurationList;
			buildConfigurations = (
				8406DAD42CA5510F0003EA40 /* Debug */,
				8406DAD52CA5510F0003EA40 /* Release */,
			);
			defaultConfigurationIsVisible = 0;
			defaultConfigurationName = Release;
		};
		8406DAD62CA5510F0003EA40 /* Build configuration list for PBXNativeTarget "Kroya_UI_ProjectTests" */ = {
			isa = XCConfigurationList;
			buildConfigurations = (
				8406DAD72CA5510F0003EA40 /* Debug */,
				8406DAD82CA5510F0003EA40 /* Release */,
			);
			defaultConfigurationIsVisible = 0;
			defaultConfigurationName = Release;
		};
		8406DAD92CA5510F0003EA40 /* Build configuration list for PBXNativeTarget "Kroya_UI_ProjectUITests" */ = {
			isa = XCConfigurationList;
			buildConfigurations = (
				8406DADA2CA5510F0003EA40 /* Debug */,
				8406DADB2CA5510F0003EA40 /* Release */,
			);
			defaultConfigurationIsVisible = 0;
			defaultConfigurationName = Release;
		};
/* End XCConfigurationList section */

/* Begin XCRemoteSwiftPackageReference section */
		2686122D2CCA222300DE1F6F /* XCRemoteSwiftPackageReference "ios-maps-sdk" */ = {
			isa = XCRemoteSwiftPackageReference;
			repositoryURL = "https://github.com/googlemaps/ios-maps-sdk";
			requirement = {
				kind = upToNextMajorVersion;
				minimumVersion = 9.1.1;
			};
		};
		268612302CCA226400DE1F6F /* XCRemoteSwiftPackageReference "SwiftKeychainWrapper" */ = {
			isa = XCRemoteSwiftPackageReference;
			repositoryURL = "https://github.com/jrendel/SwiftKeychainWrapper";
			requirement = {
				kind = upToNextMajorVersion;
				minimumVersion = 4.0.1;
			};
		};
		840C1FA92CB3BD0C0066027A /* XCRemoteSwiftPackageReference "Alamofire" */ = {
			isa = XCRemoteSwiftPackageReference;
			repositoryURL = "https://github.com/Alamofire/Alamofire.git";
			requirement = {
				kind = upToNextMajorVersion;
				minimumVersion = 5.9.1;
			};
		};
		844584382CB6793F00CA3C01 /* XCRemoteSwiftPackageReference "SwiftUIFlow" */ = {
			isa = XCRemoteSwiftPackageReference;
			repositoryURL = "https://github.com/ciaranrobrien/SwiftUIFlow";
			requirement = {
				branch = main;
				kind = branch;
			};
		};
		8494AC212CCB533E00FB8206 /* XCRemoteSwiftPackageReference "Kingfisher" */ = {
			isa = XCRemoteSwiftPackageReference;
			repositoryURL = "https://github.com/onevcat/Kingfisher";
			requirement = {
				kind = upToNextMajorVersion;
				minimumVersion = 8.1.0;
			};
		};
/* End XCRemoteSwiftPackageReference section */

/* Begin XCSwiftPackageProductDependency section */
		2686122E2CCA222300DE1F6F /* GoogleMaps */ = {
			isa = XCSwiftPackageProductDependency;
			package = 2686122D2CCA222300DE1F6F /* XCRemoteSwiftPackageReference "ios-maps-sdk" */;
			productName = GoogleMaps;
		};
		268612312CCA226400DE1F6F /* SwiftKeychainWrapper */ = {
			isa = XCSwiftPackageProductDependency;
			package = 268612302CCA226400DE1F6F /* XCRemoteSwiftPackageReference "SwiftKeychainWrapper" */;
			productName = SwiftKeychainWrapper;
		};
		840C1FAA2CB3BD0C0066027A /* Alamofire */ = {
			isa = XCSwiftPackageProductDependency;
			package = 840C1FA92CB3BD0C0066027A /* XCRemoteSwiftPackageReference "Alamofire" */;
			productName = Alamofire;
		};
		844584392CB6793F00CA3C01 /* SwiftUIFlow */ = {
			isa = XCSwiftPackageProductDependency;
			package = 844584382CB6793F00CA3C01 /* XCRemoteSwiftPackageReference "SwiftUIFlow" */;
			productName = SwiftUIFlow;
		};
		8494AC222CCB533E00FB8206 /* Kingfisher */ = {
			isa = XCSwiftPackageProductDependency;
			package = 8494AC212CCB533E00FB8206 /* XCRemoteSwiftPackageReference "Kingfisher" */;
			productName = Kingfisher;
		};
/* End XCSwiftPackageProductDependency section */
	};
	rootObject = 8406DAA72CA5510C0003EA40 /* Project object */;
}
