// !$*UTF8*$!
{
	archiveVersion = 1;
	classes = {
	};
	objectVersion = 77;
	objects = {

/* Begin PBXContainerItemProxy section */
		8406DAC02CA5510F0003EA40 /* PBXContainerItemProxy */ = {
			isa = PBXContainerItemProxy;
			containerPortal = 8406DAA72CA5510C0003EA40 /* Project object */;
			proxyType = 1;
			remoteGlobalIDString = 8406DAAE2CA5510C0003EA40;
			remoteInfo = Kroya_UI_Project;
		};
		8406DACA2CA5510F0003EA40 /* PBXContainerItemProxy */ = {
			isa = PBXContainerItemProxy;
			containerPortal = 8406DAA72CA5510C0003EA40 /* Project object */;
			proxyType = 1;
			remoteGlobalIDString = 8406DAAE2CA5510C0003EA40;
			remoteInfo = Kroya_UI_Project;
		};
/* End PBXContainerItemProxy section */

/* Begin PBXFileReference section */
		8406DAAF2CA5510C0003EA40 /* Kroya_UI_Project.app */ = {isa = PBXFileReference; explicitFileType = wrapper.application; includeInIndex = 0; path = Kroya_UI_Project.app; sourceTree = BUILT_PRODUCTS_DIR; };
		8406DABF2CA5510F0003EA40 /* Kroya_UI_ProjectTests.xctest */ = {isa = PBXFileReference; explicitFileType = wrapper.cfbundle; includeInIndex = 0; path = Kroya_UI_ProjectTests.xctest; sourceTree = BUILT_PRODUCTS_DIR; };
		8406DAC92CA5510F0003EA40 /* Kroya_UI_ProjectUITests.xctest */ = {isa = PBXFileReference; explicitFileType = wrapper.cfbundle; includeInIndex = 0; path = Kroya_UI_ProjectUITests.xctest; sourceTree = BUILT_PRODUCTS_DIR; };
/* End PBXFileReference section */

/* Begin PBXFileSystemSynchronizedRootGroup section */
		8406DAB12CA5510C0003EA40 /* Kroya_UI_Project */ = {
			isa = PBXFileSystemSynchronizedRootGroup;
			path = Kroya_UI_Project;
			sourceTree = "<group>";
		};
		8406DAC22CA5510F0003EA40 /* Kroya_UI_ProjectTests */ = {
			isa = PBXFileSystemSynchronizedRootGroup;
			path = Kroya_UI_ProjectTests;
			sourceTree = "<group>";
		};
		8406DACC2CA5510F0003EA40 /* Kroya_UI_ProjectUITests */ = {
			isa = PBXFileSystemSynchronizedRootGroup;
			path = Kroya_UI_ProjectUITests;
			sourceTree = "<group>";
		};
/* End PBXFileSystemSynchronizedRootGroup section */

/* Begin PBXFrameworksBuildPhase section */
		8406DAAC2CA5510C0003EA40 /* Frameworks */ = {
			isa = PBXFrameworksBuildPhase;
			buildActionMask = 2147483647;
			files = (
			);
			runOnlyForDeploymentPostprocessing = 0;
		};
		8406DABC2CA5510F0003EA40 /* Frameworks */ = {
			isa = PBXFrameworksBuildPhase;
			buildActionMask = 2147483647;
			files = (
			);
			runOnlyForDeploymentPostprocessing = 0;
		};
		8406DAC62CA5510F0003EA40 /* Frameworks */ = {
			isa = PBXFrameworksBuildPhase;
			buildActionMask = 2147483647;
			files = (
			);
			runOnlyForDeploymentPostprocessing = 0;
		};
/* End PBXFrameworksBuildPhase section */

/* Begin PBXGroup section */
		8406DAA62CA5510C0003EA40 = {
			isa = PBXGroup;
			children = (
				8406DAB12CA5510C0003EA40 /* Kroya_UI_Project */,
				8406DAC22CA5510F0003EA40 /* Kroya_UI_ProjectTests */,
				8406DACC2CA5510F0003EA40 /* Kroya_UI_ProjectUITests */,
				8406DAB02CA5510C0003EA40 /* Products */,
			);
			sourceTree = "<group>";
		};
		8406DAB02CA5510C0003EA40 /* Products */ = {
			isa = PBXGroup;
			children = (
				8406DAAF2CA5510C0003EA40 /* Kroya_UI_Project.app */,
				8406DABF2CA5510F0003EA40 /* Kroya_UI_ProjectTests.xctest */,
				8406DAC92CA5510F0003EA40 /* Kroya_UI_ProjectUITests.xctest */,
			);
			name = Products;
			sourceTree = "<group>";
		};
/* End PBXGroup section */

/* Begin PBXNativeTarget section */
		8406DAAE2CA5510C0003EA40 /* Kroya_UI_Project */ = {
			isa = PBXNativeTarget;
			buildConfigurationList = 8406DAD32CA5510F0003EA40 /* Build configuration list for PBXNativeTarget "Kroya_UI_Project" */;
			buildPhases = (
				8406DAAB2CA5510C0003EA40 /* Sources */,
				8406DAAC2CA5510C0003EA40 /* Frameworks */,
				8406DAAD2CA5510C0003EA40 /* Resources */,
			);
			buildRules = (
			);
			dependencies = (
			);
			fileSystemSynchronizedGroups = (
				8406DAB12CA5510C0003EA40 /* Kroya_UI_Project */,
			);
			name = Kroya_UI_Project;
			packageProductDependencies = (
			);
			productName = Kroya_UI_Project;
			productReference = 8406DAAF2CA5510C0003EA40 /* Kroya_UI_Project.app */;
			productType = "com.apple.product-type.application";
		};
		8406DABE2CA5510F0003EA40 /* Kroya_UI_ProjectTests */ = {
			isa = PBXNativeTarget;
			buildConfigurationList = 8406DAD62CA5510F0003EA40 /* Build configuration list for PBXNativeTarget "Kroya_UI_ProjectTests" */;
			buildPhases = (
				8406DABB2CA5510F0003EA40 /* Sources */,
				8406DABC2CA5510F0003EA40 /* Frameworks */,
				8406DABD2CA5510F0003EA40 /* Resources */,
			);
			buildRules = (
			);
			dependencies = (
				8406DAC12CA5510F0003EA40 /* PBXTargetDependency */,
			);
			fileSystemSynchronizedGroups = (
				8406DAC22CA5510F0003EA40 /* Kroya_UI_ProjectTests */,
			);
			name = Kroya_UI_ProjectTests;
			packageProductDependencies = (
			);
			productName = Kroya_UI_ProjectTests;
			productReference = 8406DABF2CA5510F0003EA40 /* Kroya_UI_ProjectTests.xctest */;
			productType = "com.apple.product-type.bundle.unit-test";
		};
		8406DAC82CA5510F0003EA40 /* Kroya_UI_ProjectUITests */ = {
			isa = PBXNativeTarget;
			buildConfigurationList = 8406DAD92CA5510F0003EA40 /* Build configuration list for PBXNativeTarget "Kroya_UI_ProjectUITests" */;
			buildPhases = (
				8406DAC52CA5510F0003EA40 /* Sources */,
				8406DAC62CA5510F0003EA40 /* Frameworks */,
				8406DAC72CA5510F0003EA40 /* Resources */,
			);
			buildRules = (
			);
			dependencies = (
				8406DACB2CA5510F0003EA40 /* PBXTargetDependency */,
			);
			fileSystemSynchronizedGroups = (
				8406DACC2CA5510F0003EA40 /* Kroya_UI_ProjectUITests */,
			);
			name = Kroya_UI_ProjectUITests;
			packageProductDependencies = (
			);
			productName = Kroya_UI_ProjectUITests;
			productReference = 8406DAC92CA5510F0003EA40 /* Kroya_UI_ProjectUITests.xctest */;
			productType = "com.apple.product-type.bundle.ui-testing";
		};
/* End PBXNativeTarget section */

/* Begin PBXProject section */
		8406DAA72CA5510C0003EA40 /* Project object */ = {
			isa = PBXProject;
			attributes = {
				BuildIndependentTargetsInParallel = 1;
				LastSwiftUpdateCheck = 1600;
				LastUpgradeCheck = 1600;
				TargetAttributes = {
					8406DAAE2CA5510C0003EA40 = {
						CreatedOnToolsVersion = 16.0;
					};
					8406DABE2CA5510F0003EA40 = {
						CreatedOnToolsVersion = 16.0;
						TestTargetID = 8406DAAE2CA5510C0003EA40;
					};
					8406DAC82CA5510F0003EA40 = {
						CreatedOnToolsVersion = 16.0;
						TestTargetID = 8406DAAE2CA5510C0003EA40;
					};
				};
			};
			buildConfigurationList = 8406DAAA2CA5510C0003EA40 /* Build configuration list for PBXProject "Kroya_UI_Project" */;
			developmentRegion = en;
			hasScannedForEncodings = 0;
			knownRegions = (
				en,
				Base,
			);
			mainGroup = 8406DAA62CA5510C0003EA40;
			minimizedProjectReferenceProxies = 1;
			preferredProjectObjectVersion = 77;
			productRefGroup = 8406DAB02CA5510C0003EA40 /* Products */;
			projectDirPath = "";
			projectRoot = "";
			targets = (
				8406DAAE2CA5510C0003EA40 /* Kroya_UI_Project */,
				8406DABE2CA5510F0003EA40 /* Kroya_UI_ProjectTests */,
				8406DAC82CA5510F0003EA40 /* Kroya_UI_ProjectUITests */,
			);
		};
/* End PBXProject section */

/* Begin PBXResourcesBuildPhase section */
		8406DAAD2CA5510C0003EA40 /* Resources */ = {
			isa = PBXResourcesBuildPhase;
			buildActionMask = 2147483647;
			files = (
			);
			runOnlyForDeploymentPostprocessing = 0;
		};
		8406DABD2CA5510F0003EA40 /* Resources */ = {
			isa = PBXResourcesBuildPhase;
			buildActionMask = 2147483647;
			files = (
			);
			runOnlyForDeploymentPostprocessing = 0;
		};
		8406DAC72CA5510F0003EA40 /* Resources */ = {
			isa = PBXResourcesBuildPhase;
			buildActionMask = 2147483647;
			files = (
			);
			runOnlyForDeploymentPostprocessing = 0;
		};
/* End PBXResourcesBuildPhase section */

/* Begin PBXSourcesBuildPhase section */
		8406DAAB2CA5510C0003EA40 /* Sources */ = {
			isa = PBXSourcesBuildPhase;
			buildActionMask = 2147483647;
			files = (
			);
			runOnlyForDeploymentPostprocessing = 0;
		};
		8406DABB2CA5510F0003EA40 /* Sources */ = {
			isa = PBXSourcesBuildPhase;
			buildActionMask = 2147483647;
			files = (
			);
			runOnlyForDeploymentPostprocessing = 0;
		};
		8406DAC52CA5510F0003EA40 /* Sources */ = {
			isa = PBXSourcesBuildPhase;
			buildActionMask = 2147483647;
			files = (
			);
			runOnlyForDeploymentPostprocessing = 0;
		};
/* End PBXSourcesBuildPhase section */

/* Begin PBXTargetDependency section */
		8406DAC12CA5510F0003EA40 /* PBXTargetDependency */ = {
			isa = PBXTargetDependency;
			target = 8406DAAE2CA5510C0003EA40 /* Kroya_UI_Project */;
			targetProxy = 8406DAC02CA5510F0003EA40 /* PBXContainerItemProxy */;
		};
		8406DACB2CA5510F0003EA40 /* PBXTargetDependency */ = {
			isa = PBXTargetDependency;
			target = 8406DAAE2CA5510C0003EA40 /* Kroya_UI_Project */;
			targetProxy = 8406DACA2CA5510F0003EA40 /* PBXContainerItemProxy */;
		};
/* End PBXTargetDependency section */

/* Begin XCBuildConfiguration section */
		8406DAD12CA5510F0003EA40 /* Debug */ = {
			isa = XCBuildConfiguration;
			buildSettings = {
				ALWAYS_SEARCH_USER_PATHS = NO;
				ASSETCATALOG_COMPILER_GENERATE_SWIFT_ASSET_SYMBOL_EXTENSIONS = YES;
				CLANG_ANALYZER_NONNULL = YES;
				CLANG_ANALYZER_NUMBER_OBJECT_CONVERSION = YES_AGGRESSIVE;
				CLANG_CXX_LANGUAGE_STANDARD = "gnu++20";
				CLANG_ENABLE_MODULES = YES;
				CLANG_ENABLE_OBJC_ARC = YES;
				CLANG_ENABLE_OBJC_WEAK = YES;
				CLANG_WARN_BLOCK_CAPTURE_AUTORELEASING = YES;
				CLANG_WARN_BOOL_CONVERSION = YES;
				CLANG_WARN_COMMA = YES;
				CLANG_WARN_CONSTANT_CONVERSION = YES;
				CLANG_WARN_DEPRECATED_OBJC_IMPLEMENTATIONS = YES;
				CLANG_WARN_DIRECT_OBJC_ISA_USAGE = YES_ERROR;
				CLANG_WARN_DOCUMENTATION_COMMENTS = YES;
				CLANG_WARN_EMPTY_BODY = YES;
				CLANG_WARN_ENUM_CONVERSION = YES;
				CLANG_WARN_INFINITE_RECURSION = YES;
				CLANG_WARN_INT_CONVERSION = YES;
				CLANG_WARN_NON_LITERAL_NULL_CONVERSION = YES;
				CLANG_WARN_OBJC_IMPLICIT_RETAIN_SELF = YES;
				CLANG_WARN_OBJC_LITERAL_CONVERSION = YES;
				CLANG_WARN_OBJC_ROOT_CLASS = YES_ERROR;
				CLANG_WARN_QUOTED_INCLUDE_IN_FRAMEWORK_HEADER = YES;
				CLANG_WARN_RANGE_LOOP_ANALYSIS = YES;
				CLANG_WARN_STRICT_PROTOTYPES = YES;
				CLANG_WARN_SUSPICIOUS_MOVE = YES;
				CLANG_WARN_UNGUARDED_AVAILABILITY = YES_AGGRESSIVE;
				CLANG_WARN_UNREACHABLE_CODE = YES;
				CLANG_WARN__DUPLICATE_METHOD_MATCH = YES;
				COPY_PHASE_STRIP = NO;
				DEBUG_INFORMATION_FORMAT = dwarf;
				ENABLE_STRICT_OBJC_MSGSEND = YES;
				ENABLE_TESTABILITY = YES;
				ENABLE_USER_SCRIPT_SANDBOXING = YES;
				GCC_C_LANGUAGE_STANDARD = gnu17;
				GCC_DYNAMIC_NO_PIC = NO;
				GCC_NO_COMMON_BLOCKS = YES;
				GCC_OPTIMIZATION_LEVEL = 0;
				GCC_PREPROCESSOR_DEFINITIONS = (
					"DEBUG=1",
					"$(inherited)",
				);
				GCC_WARN_64_TO_32_BIT_CONVERSION = YES;
				GCC_WARN_ABOUT_RETURN_TYPE = YES_ERROR;
				GCC_WARN_UNDECLARED_SELECTOR = YES;
				GCC_WARN_UNINITIALIZED_AUTOS = YES_AGGRESSIVE;
				GCC_WARN_UNUSED_FUNCTION = YES;
				GCC_WARN_UNUSED_VARIABLE = YES;
				IPHONEOS_DEPLOYMENT_TARGET = 18.0;
				LOCALIZATION_PREFERS_STRING_CATALOGS = YES;
				MTL_ENABLE_DEBUG_INFO = INCLUDE_SOURCE;
				MTL_FAST_MATH = YES;
				ONLY_ACTIVE_ARCH = YES;
				SDKROOT = iphoneos;
				SWIFT_ACTIVE_COMPILATION_CONDITIONS = "DEBUG $(inherited)";
				SWIFT_OPTIMIZATION_LEVEL = "-Onone";
			};
			name = Debug;
		};
		8406DAD22CA5510F0003EA40 /* Release */ = {
			isa = XCBuildConfiguration;
			buildSettings = {
				ALWAYS_SEARCH_USER_PATHS = NO;
				ASSETCATALOG_COMPILER_GENERATE_SWIFT_ASSET_SYMBOL_EXTENSIONS = YES;
				CLANG_ANALYZER_NONNULL = YES;
				CLANG_ANALYZER_NUMBER_OBJECT_CONVERSION = YES_AGGRESSIVE;
				CLANG_CXX_LANGUAGE_STANDARD = "gnu++20";
				CLANG_ENABLE_MODULES = YES;
				CLANG_ENABLE_OBJC_ARC = YES;
				CLANG_ENABLE_OBJC_WEAK = YES;
				CLANG_WARN_BLOCK_CAPTURE_AUTORELEASING = YES;
				CLANG_WARN_BOOL_CONVERSION = YES;
				CLANG_WARN_COMMA = YES;
				CLANG_WARN_CONSTANT_CONVERSION = YES;
				CLANG_WARN_DEPRECATED_OBJC_IMPLEMENTATIONS = YES;
				CLANG_WARN_DIRECT_OBJC_ISA_USAGE = YES_ERROR;
				CLANG_WARN_DOCUMENTATION_COMMENTS = YES;
				CLANG_WARN_EMPTY_BODY = YES;
				CLANG_WARN_ENUM_CONVERSION = YES;
				CLANG_WARN_INFINITE_RECURSION = YES;
				CLANG_WARN_INT_CONVERSION = YES;
				CLANG_WARN_NON_LITERAL_NULL_CONVERSION = YES;
				CLANG_WARN_OBJC_IMPLICIT_RETAIN_SELF = YES;
				CLANG_WARN_OBJC_LITERAL_CONVERSION = YES;
				CLANG_WARN_OBJC_ROOT_CLASS = YES_ERROR;
				CLANG_WARN_QUOTED_INCLUDE_IN_FRAMEWORK_HEADER = YES;
				CLANG_WARN_RANGE_LOOP_ANALYSIS = YES;
				CLANG_WARN_STRICT_PROTOTYPES = YES;
				CLANG_WARN_SUSPICIOUS_MOVE = YES;
				CLANG_WARN_UNGUARDED_AVAILABILITY = YES_AGGRESSIVE;
				CLANG_WARN_UNREACHABLE_CODE = YES;
				CLANG_WARN__DUPLICATE_METHOD_MATCH = YES;
				COPY_PHASE_STRIP = NO;
				DEBUG_INFORMATION_FORMAT = "dwarf-with-dsym";
				ENABLE_NS_ASSERTIONS = NO;
				ENABLE_STRICT_OBJC_MSGSEND = YES;
				ENABLE_USER_SCRIPT_SANDBOXING = YES;
				GCC_C_LANGUAGE_STANDARD = gnu17;
				GCC_NO_COMMON_BLOCKS = YES;
				GCC_WARN_64_TO_32_BIT_CONVERSION = YES;
				GCC_WARN_ABOUT_RETURN_TYPE = YES_ERROR;
				GCC_WARN_UNDECLARED_SELECTOR = YES;
				GCC_WARN_UNINITIALIZED_AUTOS = YES_AGGRESSIVE;
				GCC_WARN_UNUSED_FUNCTION = YES;
				GCC_WARN_UNUSED_VARIABLE = YES;
				IPHONEOS_DEPLOYMENT_TARGET = 18.0;
				LOCALIZATION_PREFERS_STRING_CATALOGS = YES;
				MTL_ENABLE_DEBUG_INFO = NO;
				MTL_FAST_MATH = YES;
				SDKROOT = iphoneos;
				SWIFT_COMPILATION_MODE = wholemodule;
				VALIDATE_PRODUCT = YES;
			};
			name = Release;
		};
		8406DAD42CA5510F0003EA40 /* Debug */ = {
			isa = XCBuildConfiguration;
			buildSettings = {
				ASSETCATALOG_COMPILER_APPICON_NAME = AppIcon;
				ASSETCATALOG_COMPILER_GLOBAL_ACCENT_COLOR_NAME = AccentColor;
				CODE_SIGN_STYLE = Automatic;
				CURRENT_PROJECT_VERSION = 1;
				DEVELOPMENT_ASSET_PATHS = "\"Kroya_UI_Project/Preview Content\"";
				ENABLE_PREVIEWS = YES;
				GENERATE_INFOPLIST_FILE = YES;
				INFOPLIST_KEY_UIApplicationSceneManifest_Generation = YES;
				INFOPLIST_KEY_UIApplicationSupportsIndirectInputEvents = YES;
				INFOPLIST_KEY_UILaunchScreen_Generation = YES;
				INFOPLIST_KEY_UISupportedInterfaceOrientations_iPad = "UIInterfaceOrientationPortrait UIInterfaceOrientationPortraitUpsideDown UIInterfaceOrientationLandscapeLeft UIInterfaceOrientationLandscapeRight";
				INFOPLIST_KEY_UISupportedInterfaceOrientations_iPhone = "UIInterfaceOrientationPortrait UIInterfaceOrientationLandscapeLeft UIInterfaceOrientationLandscapeRight";
				LD_RUNPATH_SEARCH_PATHS = (
					"$(inherited)",
					"@executable_path/Frameworks",
				);
				MARKETING_VERSION = 1.0;
				PRODUCT_BUNDLE_IDENTIFIER = "com.Kroya-UI-Project";
				PRODUCT_NAME = "$(TARGET_NAME)";
				SWIFT_EMIT_LOC_STRINGS = YES;
				SWIFT_VERSION = 5.0;
				TARGETED_DEVICE_FAMILY = "1,2";
			};
			name = Debug;
		};
		8406DAD52CA5510F0003EA40 /* Release */ = {
			isa = XCBuildConfiguration;
			buildSettings = {
				ASSETCATALOG_COMPILER_APPICON_NAME = AppIcon;
				ASSETCATALOG_COMPILER_GLOBAL_ACCENT_COLOR_NAME = AccentColor;
				CODE_SIGN_STYLE = Automatic;
				CURRENT_PROJECT_VERSION = 1;
				DEVELOPMENT_ASSET_PATHS = "\"Kroya_UI_Project/Preview Content\"";
				ENABLE_PREVIEWS = YES;
				GENERATE_INFOPLIST_FILE = YES;
				INFOPLIST_KEY_UIApplicationSceneManifest_Generation = YES;
				INFOPLIST_KEY_UIApplicationSupportsIndirectInputEvents = YES;
				INFOPLIST_KEY_UILaunchScreen_Generation = YES;
				INFOPLIST_KEY_UISupportedInterfaceOrientations_iPad = "UIInterfaceOrientationPortrait UIInterfaceOrientationPortraitUpsideDown UIInterfaceOrientationLandscapeLeft UIInterfaceOrientationLandscapeRight";
				INFOPLIST_KEY_UISupportedInterfaceOrientations_iPhone = "UIInterfaceOrientationPortrait UIInterfaceOrientationLandscapeLeft UIInterfaceOrientationLandscapeRight";
				LD_RUNPATH_SEARCH_PATHS = (
					"$(inherited)",
					"@executable_path/Frameworks",
				);
				MARKETING_VERSION = 1.0;
				PRODUCT_BUNDLE_IDENTIFIER = "com.Kroya-UI-Project";
				PRODUCT_NAME = "$(TARGET_NAME)";
				SWIFT_EMIT_LOC_STRINGS = YES;
				SWIFT_VERSION = 5.0;
				TARGETED_DEVICE_FAMILY = "1,2";
			};
			name = Release;
		};
		8406DAD72CA5510F0003EA40 /* Debug */ = {
			isa = XCBuildConfiguration;
			buildSettings = {
				BUNDLE_LOADER = "$(TEST_HOST)";
				CODE_SIGN_STYLE = Automatic;
				CURRENT_PROJECT_VERSION = 1;
				GENERATE_INFOPLIST_FILE = YES;
				IPHONEOS_DEPLOYMENT_TARGET = 18.0;
				MARKETING_VERSION = 1.0;
				PRODUCT_BUNDLE_IDENTIFIER = "com.Kroya-UI-ProjectTests";
				PRODUCT_NAME = "$(TARGET_NAME)";
				SWIFT_EMIT_LOC_STRINGS = NO;
				SWIFT_VERSION = 5.0;
				TARGETED_DEVICE_FAMILY = "1,2";
				TEST_HOST = "$(BUILT_PRODUCTS_DIR)/Kroya_UI_Project.app/$(BUNDLE_EXECUTABLE_FOLDER_PATH)/Kroya_UI_Project";
			};
			name = Debug;
		};
		8406DAD82CA5510F0003EA40 /* Release */ = {
			isa = XCBuildConfiguration;
			buildSettings = {
				BUNDLE_LOADER = "$(TEST_HOST)";
				CODE_SIGN_STYLE = Automatic;
				CURRENT_PROJECT_VERSION = 1;
				GENERATE_INFOPLIST_FILE = YES;
				IPHONEOS_DEPLOYMENT_TARGET = 18.0;
				MARKETING_VERSION = 1.0;
				PRODUCT_BUNDLE_IDENTIFIER = "com.Kroya-UI-ProjectTests";
				PRODUCT_NAME = "$(TARGET_NAME)";
				SWIFT_EMIT_LOC_STRINGS = NO;
				SWIFT_VERSION = 5.0;
				TARGETED_DEVICE_FAMILY = "1,2";
				TEST_HOST = "$(BUILT_PRODUCTS_DIR)/Kroya_UI_Project.app/$(BUNDLE_EXECUTABLE_FOLDER_PATH)/Kroya_UI_Project";
			};
			name = Release;
		};
		8406DADA2CA5510F0003EA40 /* Debug */ = {
			isa = XCBuildConfiguration;
			buildSettings = {
				CODE_SIGN_STYLE = Automatic;
				CURRENT_PROJECT_VERSION = 1;
				GENERATE_INFOPLIST_FILE = YES;
				MARKETING_VERSION = 1.0;
				PRODUCT_BUNDLE_IDENTIFIER = "com.Kroya-UI-ProjectUITests";
				PRODUCT_NAME = "$(TARGET_NAME)";
				SWIFT_EMIT_LOC_STRINGS = NO;
				SWIFT_VERSION = 5.0;
				TARGETED_DEVICE_FAMILY = "1,2";
				TEST_TARGET_NAME = Kroya_UI_Project;
			};
			name = Debug;
		};
		8406DADB2CA5510F0003EA40 /* Release */ = {
			isa = XCBuildConfiguration;
			buildSettings = {
				CODE_SIGN_STYLE = Automatic;
				CURRENT_PROJECT_VERSION = 1;
				GENERATE_INFOPLIST_FILE = YES;
				MARKETING_VERSION = 1.0;
				PRODUCT_BUNDLE_IDENTIFIER = "com.Kroya-UI-ProjectUITests";
				PRODUCT_NAME = "$(TARGET_NAME)";
				SWIFT_EMIT_LOC_STRINGS = NO;
				SWIFT_VERSION = 5.0;
				TARGETED_DEVICE_FAMILY = "1,2";
				TEST_TARGET_NAME = Kroya_UI_Project;
			};
			name = Release;
		};
/* End XCBuildConfiguration section */

/* Begin XCConfigurationList section */
		8406DAAA2CA5510C0003EA40 /* Build configuration list for PBXProject "Kroya_UI_Project" */ = {
			isa = XCConfigurationList;
			buildConfigurations = (
				8406DAD12CA5510F0003EA40 /* Debug */,
				8406DAD22CA5510F0003EA40 /* Release */,
			);
			defaultConfigurationIsVisible = 0;
			defaultConfigurationName = Release;
		};
		8406DAD32CA5510F0003EA40 /* Build configuration list for PBXNativeTarget "Kroya_UI_Project" */ = {
			isa = XCConfigurationList;
			buildConfigurations = (
				8406DAD42CA5510F0003EA40 /* Debug */,
				8406DAD52CA5510F0003EA40 /* Release */,
			);
			defaultConfigurationIsVisible = 0;
			defaultConfigurationName = Release;
		};
		8406DAD62CA5510F0003EA40 /* Build configuration list for PBXNativeTarget "Kroya_UI_ProjectTests" */ = {
			isa = XCConfigurationList;
			buildConfigurations = (
				8406DAD72CA5510F0003EA40 /* Debug */,
				8406DAD82CA5510F0003EA40 /* Release */,
			);
			defaultConfigurationIsVisible = 0;
			defaultConfigurationName = Release;
		};
		8406DAD92CA5510F0003EA40 /* Build configuration list for PBXNativeTarget "Kroya_UI_ProjectUITests" */ = {
			isa = XCConfigurationList;
			buildConfigurations = (
				8406DADA2CA5510F0003EA40 /* Debug */,
				8406DADB2CA5510F0003EA40 /* Release */,
			);
			defaultConfigurationIsVisible = 0;
			defaultConfigurationName = Release;
		};
/* End XCConfigurationList section */
	};
	rootObject = 8406DAA72CA5510C0003EA40 /* Project object */;
}
